
Microsoft Visual Studio Solution File, Format Version 12.00
# Visual Studio Version 17
VisualStudioVersion = 17.1.32210.238
MinimumVisualStudioVersion = 10.0.40219.1
Project("{8BC9CEB8-8B4A-11D0-8D11-00A0C91BC942}") = "StructsAndEnumerations", "StructsAndEnumerations\StructsAndEnumerations.vcxproj", "{FA525FA5-BE4F-478D-8D18-E44170241701}"
EndProject
Project("{8BC9CEB8-8B4A-11D0-8D11-00A0C91BC942}") = "Console", "Console\Console.vcxproj", "{B266020D-2C3B-45B5-BE54-959E681761A5}"
EndProject
Global
	GlobalSection(SolutionConfigurationPlatforms) = preSolution
		Debug|x64 = Debug|x64
		Debug|x86 = Debug|x86
		Release|x64 = Release|x64
		Release|x86 = Release|x86
	EndGlobalSection
	GlobalSection(ProjectConfigurationPlatforms) = postSolution
		{FA525FA5-BE4F-478D-8D18-E44170241701}.Debug|x64.ActiveCfg = Debug|x64
		{FA525FA5-BE4F-478D-8D18-E44170241701}.Debug|x64.Build.0 = Debug|x64
		{FA525FA5-BE4F-478D-8D18-E44170241701}.Debug|x86.ActiveCfg = Debug|Win32
		{FA525FA5-BE4F-478D-8D18-E44170241701}.Debug|x86.Build.0 = Debug|Win32
		{FA525FA5-BE4F-478D-8D18-E44170241701}.Release|x64.ActiveCfg = Release|x64
		{FA525FA5-BE4F-478D-8D18-E44170241701}.Release|x64.Build.0 = Release|x64
		{FA525FA5-BE4F-478D-8D18-E44170241701}.Release|x86.ActiveCfg = Release|Win32
		{FA525FA5-BE4F-478D-8D18-E44170241701}.Release|x86.Build.0 = Release|Win32
		{B266020D-2C3B-45B5-BE54-959E681761A5}.Debug|x64.ActiveCfg = Debug|x64
		{B266020D-2C3B-45B5-BE54-959E681761A5}.Debug|x64.Build.0 = Debug|x64
		{B266020D-2C3B-45B5-BE54-959E681761A5}.Debug|x86.ActiveCfg = Debug|Win32
		{B266020D-2C3B-45B5-BE54-959E681761A5}.Debug|x86.Build.0 = Debug|Win32
		{B266020D-2C3B-45B5-BE54-959E681761A5}.Release|x64.ActiveCfg = Release|x64
		{B266020D-2C3B-45B5-BE54-959E681761A5}.Release|x64.Build.0 = Release|x64
		{B266020D-2C3B-45B5-BE54-959E681761A5}.Release|x86.ActiveCfg = Release|Win32
		{B266020D-2C3B-45B5-BE54-959E681761A5}.Release|x86.Build.0 = Release|Win32
	EndGlobalSection
	GlobalSection(SolutionProperties) = preSolution
		HideSolutionNode = FALSE
	EndGlobalSection
	GlobalSection(ExtensibilityGlobals) = postSolution
		SolutionGuid = {F894DCE0-7EEF-43E6-AB1A-65B18D2B828B}
	EndGlobalSection
EndGlobal
