<?xml version="1.0" encoding="utf-8"?>
<Project ToolsVersion="4.0" xmlns="http://schemas.microsoft.com/developer/msbuild/2003">
  <ItemGroup>
    <Filter Include="Source Files">
      <UniqueIdentifier>{4FC737F1-C7A5-4376-A066-2A32D752A2FF}</UniqueIdentifier>
      <Extensions>cpp;c;cc;cxx;c++;cppm;ixx;def;odl;idl;hpj;bat;asm;asmx</Extensions>
    </Filter>
    <Filter Include="Header Files">
      <UniqueIdentifier>{93995380-89BD-4b04-88EB-625FBE52EBFB}</UniqueIdentifier>
      <Extensions>h;hh;hpp;hxx;h++;hm;inl;inc;ipp;xsd</Extensions>
    </Filter>
    <Filter Include="Resource Files">
      <UniqueIdentifier>{67DA6AB6-F800-4c08-8B7A-83BB121AAD01}</UniqueIdentifier>
      <Extensions>rc;ico;cur;bmp;dlg;rc2;rct;bin;rgs;gif;jpg;jpeg;jpe;resx;tiff;tif;png;wav;mfcribbon-ms</Extensions>
    </Filter>
    <Filter Include="Header Files\Enumerations">
      <UniqueIdentifier>{c94d6346-818e-40b7-a4d7-42ea85937179}</UniqueIdentifier>
    </Filter>
  </ItemGroup>
  <ItemGroup>
    <ClCompile Include="Main.cpp">
      <Filter>Source Files</Filter>
    </ClCompile>
    <ClCompile Include="DemoStructs.cpp">
      <Filter>Source Files</Filter>
    </ClCompile>
    <ClCompile Include="DemoExceptions.cpp">
      <Filter>Source Files</Filter>
    </ClCompile>
    <ClCompile Include="Enumerations.cpp">
      <Filter>Source Files</Filter>
    </ClCompile>
  </ItemGroup>
  <ItemGroup>
    <ClInclude Include="Structs.h">
      <Filter>Header Files</Filter>
    </ClInclude>
    <ClInclude Include="DemoStructs.h">
      <Filter>Header Files</Filter>
    </ClInclude>
    <ClInclude Include="Includes.h">
      <Filter>Header Files</Filter>
    </ClInclude>
    <ClInclude Include="DemoExceptions.h">
      <Filter>Header Files</Filter>
    </ClInclude>
    <ClInclude Include="Enumerations.h">
      <Filter>Header Files</Filter>
    </ClInclude>
    <ClInclude Include="SmartphoneManufacturer.h">
      <Filter>Header Files\Enumerations</Filter>
    </ClInclude>
    <ClInclude Include="StudyForm.h">
      <Filter>Header Files\Enumerations</Filter>
    </ClInclude>
    <ClInclude Include="WeekDay.h">
      <Filter>Header Files\Enumerations</Filter>
    </ClInclude>
    <ClInclude Include="YearTime.h">
      <Filter>Header Files\Enumerations</Filter>
    </ClInclude>
    <ClInclude Include="Genre.h">
      <Filter>Header Files\Enumerations</Filter>
    </ClInclude>
    <ClInclude Include="Color.h">
      <Filter>Header Files\Enumerations</Filter>
    </ClInclude>
  </ItemGroup>
</Project>